
Microsoft Visual Studio Solution File, Format Version 12.00
Project("{FAE04EC0-301F-11D3-BF4B-00C04F79EFBC}") = "Domain.Test", "Domain.Test\Domain.Test.csproj", "{CA3A818C-362F-4F7F-B2F9-972E0CAF5127}"
EndProject
Project("{FAE04EC0-301F-11D3-BF4B-00C04F79EFBC}") = "Domain", "Domain\Domain.csproj", "{92B9CB36-986B-4546-A7C3-3A944ACF3F6C}"
EndProject
Project("{FAE04EC0-301F-11D3-BF4B-00C04F79EFBC}") = "Service", "Service\Service.csproj", "{FA2C7D97-741F-4F9F-B257-289F0798235F}"
EndProject
Project("{FAE04EC0-301F-11D3-BF4B-00C04F79EFBC}") = "DataAccess", "DataAccess\DataAccess.csproj", "{94C1B0F3-F9A9-4955-9E0D-0F2BC41C6FD8}"
EndProject
Project("{FAE04EC0-301F-11D3-BF4B-00C04F79EFBC}") = "Service.Test", "Service.Test\Service.Test.csproj", "{524475FF-8829-40CA-83E0-436891584683}"
EndProject
Project("{FAE04EC0-301F-11D3-BF4B-00C04F79EFBC}") = "Interface", "Interface\Interface.csproj", "{5C28D624-BFA9-4667-9683-8A30293CFF4E}"
EndProject
Project("{FAE04EC0-301F-11D3-BF4B-00C04F79EFBC}") = "DataAccess.Tests", "DataAccess.Tests\DataAccess.Tests.csproj", "{16DC413C-0629-44A8-BD79-74C48719B323}"
EndProject
Project("{FAE04EC0-301F-11D3-BF4B-00C04F79EFBC}") = "Controllers", "Controllers\Controllers.csproj", "{2C3ABA4A-07FD-44F8-9336-940F60015B53}"
EndProject
Global
	GlobalSection(SolutionConfigurationPlatforms) = preSolution
		Debug|Any CPU = Debug|Any CPU
		Release|Any CPU = Release|Any CPU
	EndGlobalSection
	GlobalSection(ProjectConfigurationPlatforms) = postSolution
		{CA3A818C-362F-4F7F-B2F9-972E0CAF5127}.Debug|Any CPU.ActiveCfg = Debug|Any CPU
		{CA3A818C-362F-4F7F-B2F9-972E0CAF5127}.Debug|Any CPU.Build.0 = Debug|Any CPU
		{CA3A818C-362F-4F7F-B2F9-972E0CAF5127}.Release|Any CPU.ActiveCfg = Release|Any CPU
		{CA3A818C-362F-4F7F-B2F9-972E0CAF5127}.Release|Any CPU.Build.0 = Release|Any CPU
		{92B9CB36-986B-4546-A7C3-3A944ACF3F6C}.Debug|Any CPU.ActiveCfg = Debug|Any CPU
		{92B9CB36-986B-4546-A7C3-3A944ACF3F6C}.Debug|Any CPU.Build.0 = Debug|Any CPU
		{92B9CB36-986B-4546-A7C3-3A944ACF3F6C}.Release|Any CPU.ActiveCfg = Release|Any CPU
		{92B9CB36-986B-4546-A7C3-3A944ACF3F6C}.Release|Any CPU.Build.0 = Release|Any CPU
		{FA2C7D97-741F-4F9F-B257-289F0798235F}.Debug|Any CPU.ActiveCfg = Debug|Any CPU
		{FA2C7D97-741F-4F9F-B257-289F0798235F}.Debug|Any CPU.Build.0 = Debug|Any CPU
		{FA2C7D97-741F-4F9F-B257-289F0798235F}.Release|Any CPU.ActiveCfg = Release|Any CPU
		{FA2C7D97-741F-4F9F-B257-289F0798235F}.Release|Any CPU.Build.0 = Release|Any CPU
		{94C1B0F3-F9A9-4955-9E0D-0F2BC41C6FD8}.Debug|Any CPU.ActiveCfg = Debug|Any CPU
		{94C1B0F3-F9A9-4955-9E0D-0F2BC41C6FD8}.Debug|Any CPU.Build.0 = Debug|Any CPU
		{94C1B0F3-F9A9-4955-9E0D-0F2BC41C6FD8}.Release|Any CPU.ActiveCfg = Release|Any CPU
		{94C1B0F3-F9A9-4955-9E0D-0F2BC41C6FD8}.Release|Any CPU.Build.0 = Release|Any CPU
		{524475FF-8829-40CA-83E0-436891584683}.Debug|Any CPU.ActiveCfg = Debug|Any CPU
		{524475FF-8829-40CA-83E0-436891584683}.Debug|Any CPU.Build.0 = Debug|Any CPU
		{524475FF-8829-40CA-83E0-436891584683}.Release|Any CPU.ActiveCfg = Release|Any CPU
		{524475FF-8829-40CA-83E0-436891584683}.Release|Any CPU.Build.0 = Release|Any CPU
		{5C28D624-BFA9-4667-9683-8A30293CFF4E}.Debug|Any CPU.ActiveCfg = Debug|Any CPU
		{5C28D624-BFA9-4667-9683-8A30293CFF4E}.Debug|Any CPU.Build.0 = Debug|Any CPU
		{5C28D624-BFA9-4667-9683-8A30293CFF4E}.Release|Any CPU.ActiveCfg = Release|Any CPU
		{5C28D624-BFA9-4667-9683-8A30293CFF4E}.Release|Any CPU.Build.0 = Release|Any CPU
		{16DC413C-0629-44A8-BD79-74C48719B323}.Debug|Any CPU.ActiveCfg = Debug|Any CPU
		{16DC413C-0629-44A8-BD79-74C48719B323}.Debug|Any CPU.Build.0 = Debug|Any CPU
		{16DC413C-0629-44A8-BD79-74C48719B323}.Release|Any CPU.ActiveCfg = Release|Any CPU
		{16DC413C-0629-44A8-BD79-74C48719B323}.Release|Any CPU.Build.0 = Release|Any CPU
		{2C3ABA4A-07FD-44F8-9336-940F60015B53}.Debug|Any CPU.ActiveCfg = Debug|Any CPU
		{2C3ABA4A-07FD-44F8-9336-940F60015B53}.Debug|Any CPU.Build.0 = Debug|Any CPU
		{2C3ABA4A-07FD-44F8-9336-940F60015B53}.Release|Any CPU.ActiveCfg = Release|Any CPU
		{2C3ABA4A-07FD-44F8-9336-940F60015B53}.Release|Any CPU.Build.0 = Release|Any CPU
	EndGlobalSection
EndGlobal
